
Microsoft Visual Studio Solution File, Format Version 12.00
# Visual Studio Version 16
VisualStudioVersion = 16.0.29728.190
MinimumVisualStudioVersion = 10.0.40219.1
Project("{FAE04EC0-301F-11D3-BF4B-00C04F79EFBC}") = "model", "model\model.csproj", "{0D8160B1-6B30-4DE6-A07A-BFEB734D5D33}"
EndProject
Project("{FAE04EC0-301F-11D3-BF4B-00C04F79EFBC}") = "userInterface", "userInterface\userInterface.csproj", "{7A3D65D4-6335-43EE-8A58-4E9F9D288225}"
EndProject
Global
	GlobalSection(SolutionConfigurationPlatforms) = preSolution
		Debug|Any CPU = Debug|Any CPU
		Release|Any CPU = Release|Any CPU
	EndGlobalSection
	GlobalSection(ProjectConfigurationPlatforms) = postSolution
		{0D8160B1-6B30-4DE6-A07A-BFEB734D5D33}.Debug|Any CPU.ActiveCfg = Debug|Any CPU
		{0D8160B1-6B30-4DE6-A07A-BFEB734D5D33}.Debug|Any CPU.Build.0 = Debug|Any CPU
		{0D8160B1-6B30-4DE6-A07A-BFEB734D5D33}.Release|Any CPU.ActiveCfg = Release|Any CPU
		{0D8160B1-6B30-4DE6-A07A-BFEB734D5D33}.Release|Any CPU.Build.0 = Release|Any CPU
		{7A3D65D4-6335-43EE-8A58-4E9F9D288225}.Debug|Any CPU.ActiveCfg = Debug|Any CPU
		{7A3D65D4-6335-43EE-8A58-4E9F9D288225}.Debug|Any CPU.Build.0 = Debug|Any CPU
		{7A3D65D4-6335-43EE-8A58-4E9F9D288225}.Release|Any CPU.ActiveCfg = Release|Any CPU
		{7A3D65D4-6335-43EE-8A58-4E9F9D288225}.Release|Any CPU.Build.0 = Release|Any CPU
	EndGlobalSection
	GlobalSection(SolutionProperties) = preSolution
		HideSolutionNode = FALSE
	EndGlobalSection
	GlobalSection(ExtensibilityGlobals) = postSolution
		SolutionGuid = {3AD14922-F4C3-49FA-8983-EAFA4C0165C6}
	EndGlobalSection
EndGlobal
